
Microsoft Visual Studio Solution File, Format Version 12.00
# Visual Studio Version 16
VisualStudioVersion = 25.0.1706.4
MinimumVisualStudioVersion = 10.0.40219.1
Project("{FAE04EC0-301F-11D3-BF4B-00C04F79EFBC}") = "MultiMediaMotion", "MultiMediaMotion\MultiMediaMotion.csproj", "{460AA6F9-DAC6-4CA0-9317-9A13B556D58A}"
EndProject
Global
	GlobalSection(SolutionConfigurationPlatforms) = preSolution
		Debug|Any CPU = Debug|Any CPU
		Release|Any CPU = Release|Any CPU
	EndGlobalSection
	GlobalSection(ProjectConfigurationPlatforms) = postSolution
		{460AA6F9-DAC6-4CA0-9317-9A13B556D58A}.Debug|Any CPU.ActiveCfg = Debug|Any CPU
		{460AA6F9-DAC6-4CA0-9317-9A13B556D58A}.Debug|Any CPU.Build.0 = Debug|Any CPU
		{460AA6F9-DAC6-4CA0-9317-9A13B556D58A}.Release|Any CPU.ActiveCfg = Release|Any CPU
		{460AA6F9-DAC6-4CA0-9317-9A13B556D58A}.Release|Any CPU.Build.0 = Release|Any CPU
	EndGlobalSection
	GlobalSection(SolutionProperties) = preSolution
		HideSolutionNode = FALSE
	EndGlobalSection
	GlobalSection(ExtensibilityGlobals) = postSolution
		SolutionGuid = {5AB68E52-B8ED-44EA-8076-457E21006401}
	EndGlobalSection
EndGlobal
